// !$*UTF8*$!
{
	archiveVersion = 1;
	classes = {
	};
	objectVersion = 56;
	objects = {

/* Begin PBXBuildFile section */
		568FF6F52B092EBC00101AE7 /* LocationObject.swift in Sources */ = {isa = PBXBuildFile; fileRef = 568FF6F42B092EBC00101AE7 /* LocationObject.swift */; };
		568FF6F72B092F5300101AE7 /* WaterSource.swift in Sources */ = {isa = PBXBuildFile; fileRef = 568FF6F62B092F5300101AE7 /* WaterSource.swift */; };
		56DB3FBF2B08CF4B00329EE0 /* treeApp.swift in Sources */ = {isa = PBXBuildFile; fileRef = 56DB3FBE2B08CF4B00329EE0 /* treeApp.swift */; };
		56DB3FC12B08CF4B00329EE0 /* ContentView.swift in Sources */ = {isa = PBXBuildFile; fileRef = 56DB3FC02B08CF4B00329EE0 /* ContentView.swift */; };
		56DB3FC32B08CF4E00329EE0 /* Assets.xcassets in Resources */ = {isa = PBXBuildFile; fileRef = 56DB3FC22B08CF4E00329EE0 /* Assets.xcassets */; };
		56DB3FC72B08CF4E00329EE0 /* Preview Assets.xcassets in Resources */ = {isa = PBXBuildFile; fileRef = 56DB3FC62B08CF4E00329EE0 /* Preview Assets.xcassets */; };
		56DB3FCF2B08D1BA00329EE0 /* CoatySwift in Frameworks */ = {isa = PBXBuildFile; productRef = 56DB3FCE2B08D1BA00329EE0 /* CoatySwift */; };
		56DB3FD22B08D2D000329EE0 /* Tree.swift in Sources */ = {isa = PBXBuildFile; fileRef = 56DB3FD12B08D2D000329EE0 /* Tree.swift */; };
		56DB3FD52B08D84D00329EE0 /* TreeMap.swift in Sources */ = {isa = PBXBuildFile; fileRef = 56DB3FD42B08D84D00329EE0 /* TreeMap.swift */; };
		56DB3FDA2B090C7D00329EE0 /* TreeDetailView.swift in Sources */ = {isa = PBXBuildFile; fileRef = 56DB3FD92B090C7D00329EE0 /* TreeDetailView.swift */; };
		D7AEC6CC2B08F52F006B3B29 /* WaterTreeView.swift in Sources */ = {isa = PBXBuildFile; fileRef = D7AEC6CB2B08F52F006B3B29 /* WaterTreeView.swift */; };
		D7AEC6CE2B090264006B3B29 /* WaterDetailView.swift in Sources */ = {isa = PBXBuildFile; fileRef = D7AEC6CD2B090264006B3B29 /* WaterDetailView.swift */; };
		D7D3002D2B09134E002467D8 /* LocationManager.swift in Sources */ = {isa = PBXBuildFile; fileRef = D7D3002C2B09134E002467D8 /* LocationManager.swift */; };
		D7D300312B0933D9002467D8 /* CalendarExtension.swift in Sources */ = {isa = PBXBuildFile; fileRef = D7D300302B0933D9002467D8 /* CalendarExtension.swift */; };
		D7E91E772B08D78F0046B67B /* WaterTreeTreeView.swift in Sources */ = {isa = PBXBuildFile; fileRef = D7E91E762B08D78F0046B67B /* WaterTreeTreeView.swift */; };
		D7E91E792B08E99F0046B67B /* UIColorExtension.swift in Sources */ = {isa = PBXBuildFile; fileRef = D7E91E782B08E99F0046B67B /* UIColorExtension.swift */; };
/* End PBXBuildFile section */

/* Begin PBXFileReference section */
		568FF6F42B092EBC00101AE7 /* LocationObject.swift */ = {isa = PBXFileReference; lastKnownFileType = sourcecode.swift; path = LocationObject.swift; sourceTree = "<group>"; };
		568FF6F62B092F5300101AE7 /* WaterSource.swift */ = {isa = PBXFileReference; lastKnownFileType = sourcecode.swift; path = WaterSource.swift; sourceTree = "<group>"; };
		56DB3FBB2B08CF4B00329EE0 /* tree.app */ = {isa = PBXFileReference; explicitFileType = wrapper.application; includeInIndex = 0; path = tree.app; sourceTree = BUILT_PRODUCTS_DIR; };
		56DB3FBE2B08CF4B00329EE0 /* treeApp.swift */ = {isa = PBXFileReference; lastKnownFileType = sourcecode.swift; path = treeApp.swift; sourceTree = "<group>"; };
		56DB3FC02B08CF4B00329EE0 /* ContentView.swift */ = {isa = PBXFileReference; lastKnownFileType = sourcecode.swift; path = ContentView.swift; sourceTree = "<group>"; };
		56DB3FC22B08CF4E00329EE0 /* Assets.xcassets */ = {isa = PBXFileReference; lastKnownFileType = folder.assetcatalog; path = Assets.xcassets; sourceTree = "<group>"; };
		56DB3FC42B08CF4E00329EE0 /* tree.entitlements */ = {isa = PBXFileReference; lastKnownFileType = text.plist.entitlements; path = tree.entitlements; sourceTree = "<group>"; };
		56DB3FC62B08CF4E00329EE0 /* Preview Assets.xcassets */ = {isa = PBXFileReference; lastKnownFileType = folder.assetcatalog; path = "Preview Assets.xcassets"; sourceTree = "<group>"; };
		56DB3FD12B08D2D000329EE0 /* Tree.swift */ = {isa = PBXFileReference; lastKnownFileType = sourcecode.swift; path = Tree.swift; sourceTree = "<group>"; };
		56DB3FD42B08D84D00329EE0 /* TreeMap.swift */ = {isa = PBXFileReference; lastKnownFileType = sourcecode.swift; path = TreeMap.swift; sourceTree = "<group>"; };
		56DB3FD92B090C7D00329EE0 /* TreeDetailView.swift */ = {isa = PBXFileReference; lastKnownFileType = sourcecode.swift; path = TreeDetailView.swift; sourceTree = "<group>"; };
		D7AEC6CB2B08F52F006B3B29 /* WaterTreeView.swift */ = {isa = PBXFileReference; lastKnownFileType = sourcecode.swift; path = WaterTreeView.swift; sourceTree = "<group>"; };
		D7AEC6CD2B090264006B3B29 /* WaterDetailView.swift */ = {isa = PBXFileReference; lastKnownFileType = sourcecode.swift; path = WaterDetailView.swift; sourceTree = "<group>"; };
		D7D3002C2B09134E002467D8 /* LocationManager.swift */ = {isa = PBXFileReference; lastKnownFileType = sourcecode.swift; path = LocationManager.swift; sourceTree = "<group>"; };
		D7D3002E2B091538002467D8 /* Info.plist */ = {isa = PBXFileReference; lastKnownFileType = text.plist; path = Info.plist; sourceTree = "<group>"; };
		D7D3002F2B092121002467D8 /* new.gpx */ = {isa = PBXFileReference; lastKnownFileType = text.xml; name = new.gpx; path = ../../../Downloads/new.gpx; sourceTree = "<group>"; };
		D7D300302B0933D9002467D8 /* CalendarExtension.swift */ = {isa = PBXFileReference; lastKnownFileType = sourcecode.swift; path = CalendarExtension.swift; sourceTree = "<group>"; };
		D7E91E762B08D78F0046B67B /* WaterTreeTreeView.swift */ = {isa = PBXFileReference; lastKnownFileType = sourcecode.swift; path = WaterTreeTreeView.swift; sourceTree = "<group>"; };
		D7E91E782B08E99F0046B67B /* UIColorExtension.swift */ = {isa = PBXFileReference; lastKnownFileType = sourcecode.swift; path = UIColorExtension.swift; sourceTree = "<group>"; };
/* End PBXFileReference section */

/* Begin PBXFrameworksBuildPhase section */
		56DB3FB82B08CF4B00329EE0 /* Frameworks */ = {
			isa = PBXFrameworksBuildPhase;
			buildActionMask = 2147483647;
			files = (
				56DB3FCF2B08D1BA00329EE0 /* CoatySwift in Frameworks */,
			);
			runOnlyForDeploymentPostprocessing = 0;
		};
/* End PBXFrameworksBuildPhase section */

/* Begin PBXGroup section */
		56DB3FB22B08CF4B00329EE0 = {
			isa = PBXGroup;
			children = (
				D7D3002F2B092121002467D8 /* new.gpx */,
				56DB3FBD2B08CF4B00329EE0 /* tree */,
				56DB3FBC2B08CF4B00329EE0 /* Products */,
			);
			sourceTree = "<group>";
		};
		56DB3FBC2B08CF4B00329EE0 /* Products */ = {
			isa = PBXGroup;
			children = (
				56DB3FBB2B08CF4B00329EE0 /* tree.app */,
			);
			name = Products;
			sourceTree = "<group>";
		};
		56DB3FBD2B08CF4B00329EE0 /* tree */ = {
			isa = PBXGroup;
			children = (
				D7D3002E2B091538002467D8 /* Info.plist */,
				56DB3FD32B08D55A00329EE0 /* Coaty */,
				56DB3FD02B08D2A200329EE0 /* Model */,
				56DB3FBE2B08CF4B00329EE0 /* treeApp.swift */,
				56DB3FC02B08CF4B00329EE0 /* ContentView.swift */,
				56DB3FD42B08D84D00329EE0 /* TreeMap.swift */,
				D7D3002C2B09134E002467D8 /* LocationManager.swift */,
				D7E91E762B08D78F0046B67B /* WaterTreeTreeView.swift */,
				D7AEC6CB2B08F52F006B3B29 /* WaterTreeView.swift */,
				56DB3FD92B090C7D00329EE0 /* TreeDetailView.swift */,
				D7AEC6CD2B090264006B3B29 /* WaterDetailView.swift */,
				D7D300302B0933D9002467D8 /* CalendarExtension.swift */,
				D7E91E782B08E99F0046B67B /* UIColorExtension.swift */,
				56DB3FC22B08CF4E00329EE0 /* Assets.xcassets */,
				56DB3FC42B08CF4E00329EE0 /* tree.entitlements */,
				56DB3FC52B08CF4E00329EE0 /* Preview Content */,
			);
			path = tree;
			sourceTree = "<group>";
		};
		56DB3FC52B08CF4E00329EE0 /* Preview Content */ = {
			isa = PBXGroup;
			children = (
				56DB3FC62B08CF4E00329EE0 /* Preview Assets.xcassets */,
			);
			path = "Preview Content";
			sourceTree = "<group>";
		};
		56DB3FD02B08D2A200329EE0 /* Model */ = {
			isa = PBXGroup;
			children = (
				568FF6F42B092EBC00101AE7 /* LocationObject.swift */,
				568FF6F62B092F5300101AE7 /* WaterSource.swift */,
			);
			path = Model;
			sourceTree = "<group>";
		};
		56DB3FD32B08D55A00329EE0 /* Coaty */ = {
			isa = PBXGroup;
			children = (
				56DB3FD12B08D2D000329EE0 /* Tree.swift */,
			);
			path = Coaty;
			sourceTree = "<group>";
		};
/* End PBXGroup section */

/* Begin PBXNativeTarget section */
		56DB3FBA2B08CF4B00329EE0 /* tree */ = {
			isa = PBXNativeTarget;
			buildConfigurationList = 56DB3FCA2B08CF4E00329EE0 /* Build configuration list for PBXNativeTarget "tree" */;
			buildPhases = (
				56DB3FB72B08CF4B00329EE0 /* Sources */,
				56DB3FB82B08CF4B00329EE0 /* Frameworks */,
				56DB3FB92B08CF4B00329EE0 /* Resources */,
			);
			buildRules = (
			);
			dependencies = (
			);
			name = tree;
			packageProductDependencies = (
				56DB3FCE2B08D1BA00329EE0 /* CoatySwift */,
			);
			productName = tree;
			productReference = 56DB3FBB2B08CF4B00329EE0 /* tree.app */;
			productType = "com.apple.product-type.application";
		};
/* End PBXNativeTarget section */

/* Begin PBXProject section */
		56DB3FB32B08CF4B00329EE0 /* Project object */ = {
			isa = PBXProject;
			attributes = {
				BuildIndependentTargetsInParallel = 1;
				LastSwiftUpdateCheck = 1500;
				LastUpgradeCheck = 1500;
				TargetAttributes = {
					56DB3FBA2B08CF4B00329EE0 = {
						CreatedOnToolsVersion = 15.0;
					};
				};
			};
			buildConfigurationList = 56DB3FB62B08CF4B00329EE0 /* Build configuration list for PBXProject "tree" */;
			compatibilityVersion = "Xcode 14.0";
			developmentRegion = en;
			hasScannedForEncodings = 0;
			knownRegions = (
				en,
				Base,
			);
			mainGroup = 56DB3FB22B08CF4B00329EE0;
			packageReferences = (
				56DB3FCD2B08D1BA00329EE0 /* XCRemoteSwiftPackageReference "coaty-swift" */,
			);
			productRefGroup = 56DB3FBC2B08CF4B00329EE0 /* Products */;
			projectDirPath = "";
			projectRoot = "";
			targets = (
				56DB3FBA2B08CF4B00329EE0 /* tree */,
			);
		};
/* End PBXProject section */

/* Begin PBXResourcesBuildPhase section */
		56DB3FB92B08CF4B00329EE0 /* Resources */ = {
			isa = PBXResourcesBuildPhase;
			buildActionMask = 2147483647;
			files = (
				56DB3FC72B08CF4E00329EE0 /* Preview Assets.xcassets in Resources */,
				56DB3FC32B08CF4E00329EE0 /* Assets.xcassets in Resources */,
			);
			runOnlyForDeploymentPostprocessing = 0;
		};
/* End PBXResourcesBuildPhase section */

/* Begin PBXSourcesBuildPhase section */
		56DB3FB72B08CF4B00329EE0 /* Sources */ = {
			isa = PBXSourcesBuildPhase;
			buildActionMask = 2147483647;
			files = (
				D7AEC6CC2B08F52F006B3B29 /* WaterTreeView.swift in Sources */,
				D7E91E772B08D78F0046B67B /* WaterTreeTreeView.swift in Sources */,
				568FF6F72B092F5300101AE7 /* WaterSource.swift in Sources */,
				D7D3002D2B09134E002467D8 /* LocationManager.swift in Sources */,
				D7D300312B0933D9002467D8 /* CalendarExtension.swift in Sources */,
				56DB3FDA2B090C7D00329EE0 /* TreeDetailView.swift in Sources */,
				568FF6F52B092EBC00101AE7 /* LocationObject.swift in Sources */,
				56DB3FC12B08CF4B00329EE0 /* ContentView.swift in Sources */,
				56DB3FBF2B08CF4B00329EE0 /* treeApp.swift in Sources */,
				56DB3FD52B08D84D00329EE0 /* TreeMap.swift in Sources */,
				D7AEC6CE2B090264006B3B29 /* WaterDetailView.swift in Sources */,
				56DB3FD22B08D2D000329EE0 /* Tree.swift in Sources */,
				D7E91E792B08E99F0046B67B /* UIColorExtension.swift in Sources */,
			);
			runOnlyForDeploymentPostprocessing = 0;
		};
/* End PBXSourcesBuildPhase section */

/* Begin XCBuildConfiguration section */
		56DB3FC82B08CF4E00329EE0 /* Debug */ = {
			isa = XCBuildConfiguration;
			buildSettings = {
				ALWAYS_SEARCH_USER_PATHS = NO;
				ASSETCATALOG_COMPILER_GENERATE_SWIFT_ASSET_SYMBOL_EXTENSIONS = YES;
				CLANG_ANALYZER_NONNULL = YES;
				CLANG_ANALYZER_NUMBER_OBJECT_CONVERSION = YES_AGGRESSIVE;
				CLANG_CXX_LANGUAGE_STANDARD = "gnu++20";
				CLANG_ENABLE_MODULES = YES;
				CLANG_ENABLE_OBJC_ARC = YES;
				CLANG_ENABLE_OBJC_WEAK = YES;
				CLANG_WARN_BLOCK_CAPTURE_AUTORELEASING = YES;
				CLANG_WARN_BOOL_CONVERSION = YES;
				CLANG_WARN_COMMA = YES;
				CLANG_WARN_CONSTANT_CONVERSION = YES;
				CLANG_WARN_DEPRECATED_OBJC_IMPLEMENTATIONS = YES;
				CLANG_WARN_DIRECT_OBJC_ISA_USAGE = YES_ERROR;
				CLANG_WARN_DOCUMENTATION_COMMENTS = YES;
				CLANG_WARN_EMPTY_BODY = YES;
				CLANG_WARN_ENUM_CONVERSION = YES;
				CLANG_WARN_INFINITE_RECURSION = YES;
				CLANG_WARN_INT_CONVERSION = YES;
				CLANG_WARN_NON_LITERAL_NULL_CONVERSION = YES;
				CLANG_WARN_OBJC_IMPLICIT_RETAIN_SELF = YES;
				CLANG_WARN_OBJC_LITERAL_CONVERSION = YES;
				CLANG_WARN_OBJC_ROOT_CLASS = YES_ERROR;
				CLANG_WARN_QUOTED_INCLUDE_IN_FRAMEWORK_HEADER = YES;
				CLANG_WARN_RANGE_LOOP_ANALYSIS = YES;
				CLANG_WARN_STRICT_PROTOTYPES = YES;
				CLANG_WARN_SUSPICIOUS_MOVE = YES;
				CLANG_WARN_UNGUARDED_AVAILABILITY = YES_AGGRESSIVE;
				CLANG_WARN_UNREACHABLE_CODE = YES;
				CLANG_WARN__DUPLICATE_METHOD_MATCH = YES;
				COPY_PHASE_STRIP = NO;
				DEBUG_INFORMATION_FORMAT = dwarf;
				ENABLE_STRICT_OBJC_MSGSEND = YES;
				ENABLE_TESTABILITY = YES;
				ENABLE_USER_SCRIPT_SANDBOXING = YES;
				GCC_C_LANGUAGE_STANDARD = gnu17;
				GCC_DYNAMIC_NO_PIC = NO;
				GCC_NO_COMMON_BLOCKS = YES;
				GCC_OPTIMIZATION_LEVEL = 0;
				GCC_PREPROCESSOR_DEFINITIONS = (
					"DEBUG=1",
					"$(inherited)",
				);
				GCC_WARN_64_TO_32_BIT_CONVERSION = YES;
				GCC_WARN_ABOUT_RETURN_TYPE = YES_ERROR;
				GCC_WARN_UNDECLARED_SELECTOR = YES;
				GCC_WARN_UNINITIALIZED_AUTOS = YES_AGGRESSIVE;
				GCC_WARN_UNUSED_FUNCTION = YES;
				GCC_WARN_UNUSED_VARIABLE = YES;
				LOCALIZATION_PREFERS_STRING_CATALOGS = YES;
				MTL_ENABLE_DEBUG_INFO = INCLUDE_SOURCE;
				MTL_FAST_MATH = YES;
				ONLY_ACTIVE_ARCH = YES;
				SWIFT_ACTIVE_COMPILATION_CONDITIONS = "DEBUG $(inherited)";
				SWIFT_OPTIMIZATION_LEVEL = "-Onone";
			};
			name = Debug;
		};
		56DB3FC92B08CF4E00329EE0 /* Release */ = {
			isa = XCBuildConfiguration;
			buildSettings = {
				ALWAYS_SEARCH_USER_PATHS = NO;
				ASSETCATALOG_COMPILER_GENERATE_SWIFT_ASSET_SYMBOL_EXTENSIONS = YES;
				CLANG_ANALYZER_NONNULL = YES;
				CLANG_ANALYZER_NUMBER_OBJECT_CONVERSION = YES_AGGRESSIVE;
				CLANG_CXX_LANGUAGE_STANDARD = "gnu++20";
				CLANG_ENABLE_MODULES = YES;
				CLANG_ENABLE_OBJC_ARC = YES;
				CLANG_ENABLE_OBJC_WEAK = YES;
				CLANG_WARN_BLOCK_CAPTURE_AUTORELEASING = YES;
				CLANG_WARN_BOOL_CONVERSION = YES;
				CLANG_WARN_COMMA = YES;
				CLANG_WARN_CONSTANT_CONVERSION = YES;
				CLANG_WARN_DEPRECATED_OBJC_IMPLEMENTATIONS = YES;
				CLANG_WARN_DIRECT_OBJC_ISA_USAGE = YES_ERROR;
				CLANG_WARN_DOCUMENTATION_COMMENTS = YES;
				CLANG_WARN_EMPTY_BODY = YES;
				CLANG_WARN_ENUM_CONVERSION = YES;
				CLANG_WARN_INFINITE_RECURSION = YES;
				CLANG_WARN_INT_CONVERSION = YES;
				CLANG_WARN_NON_LITERAL_NULL_CONVERSION = YES;
				CLANG_WARN_OBJC_IMPLICIT_RETAIN_SELF = YES;
				CLANG_WARN_OBJC_LITERAL_CONVERSION = YES;
				CLANG_WARN_OBJC_ROOT_CLASS = YES_ERROR;
				CLANG_WARN_QUOTED_INCLUDE_IN_FRAMEWORK_HEADER = YES;
				CLANG_WARN_RANGE_LOOP_ANALYSIS = YES;
				CLANG_WARN_STRICT_PROTOTYPES = YES;
				CLANG_WARN_SUSPICIOUS_MOVE = YES;
				CLANG_WARN_UNGUARDED_AVAILABILITY = YES_AGGRESSIVE;
				CLANG_WARN_UNREACHABLE_CODE = YES;
				CLANG_WARN__DUPLICATE_METHOD_MATCH = YES;
				COPY_PHASE_STRIP = NO;
				DEBUG_INFORMATION_FORMAT = "dwarf-with-dsym";
				ENABLE_NS_ASSERTIONS = NO;
				ENABLE_STRICT_OBJC_MSGSEND = YES;
				ENABLE_USER_SCRIPT_SANDBOXING = YES;
				GCC_C_LANGUAGE_STANDARD = gnu17;
				GCC_NO_COMMON_BLOCKS = YES;
				GCC_WARN_64_TO_32_BIT_CONVERSION = YES;
				GCC_WARN_ABOUT_RETURN_TYPE = YES_ERROR;
				GCC_WARN_UNDECLARED_SELECTOR = YES;
				GCC_WARN_UNINITIALIZED_AUTOS = YES_AGGRESSIVE;
				GCC_WARN_UNUSED_FUNCTION = YES;
				GCC_WARN_UNUSED_VARIABLE = YES;
				LOCALIZATION_PREFERS_STRING_CATALOGS = YES;
				MTL_ENABLE_DEBUG_INFO = NO;
				MTL_FAST_MATH = YES;
				SWIFT_COMPILATION_MODE = wholemodule;
			};
			name = Release;
		};
		56DB3FCB2B08CF4E00329EE0 /* Debug */ = {
			isa = XCBuildConfiguration;
			buildSettings = {
				ASSETCATALOG_COMPILER_APPICON_NAME = AppIcon;
				ASSETCATALOG_COMPILER_GLOBAL_ACCENT_COLOR_NAME = AccentColor;
				CODE_SIGN_ENTITLEMENTS = tree/tree.entitlements;
				CODE_SIGN_STYLE = Automatic;
				CURRENT_PROJECT_VERSION = 1;
				DEVELOPMENT_ASSET_PATHS = "\"tree/Preview Content\"";
				DEVELOPMENT_TEAM = VVS795989N;
				ENABLE_HARDENED_RUNTIME = YES;
				ENABLE_PREVIEWS = YES;
				GENERATE_INFOPLIST_FILE = YES;
				INFOPLIST_FILE = tree/Info.plist;
				"INFOPLIST_KEY_UIApplicationSceneManifest_Generation[sdk=iphoneos*]" = YES;
				"INFOPLIST_KEY_UIApplicationSceneManifest_Generation[sdk=iphonesimulator*]" = YES;
				"INFOPLIST_KEY_UIApplicationSupportsIndirectInputEvents[sdk=iphoneos*]" = YES;
				"INFOPLIST_KEY_UIApplicationSupportsIndirectInputEvents[sdk=iphonesimulator*]" = YES;
				"INFOPLIST_KEY_UILaunchScreen_Generation[sdk=iphoneos*]" = YES;
				"INFOPLIST_KEY_UILaunchScreen_Generation[sdk=iphonesimulator*]" = YES;
				"INFOPLIST_KEY_UIStatusBarStyle[sdk=iphoneos*]" = UIStatusBarStyleDefault;
				"INFOPLIST_KEY_UIStatusBarStyle[sdk=iphonesimulator*]" = UIStatusBarStyleDefault;
				INFOPLIST_KEY_UISupportedInterfaceOrientations_iPad = "UIInterfaceOrientationPortrait UIInterfaceOrientationPortraitUpsideDown UIInterfaceOrientationLandscapeLeft UIInterfaceOrientationLandscapeRight";
				INFOPLIST_KEY_UISupportedInterfaceOrientations_iPhone = "UIInterfaceOrientationPortrait UIInterfaceOrientationLandscapeLeft UIInterfaceOrientationLandscapeRight";
				IPHONEOS_DEPLOYMENT_TARGET = 17.0;
				LD_RUNPATH_SEARCH_PATHS = "@executable_path/Frameworks";
				"LD_RUNPATH_SEARCH_PATHS[sdk=macosx*]" = "@executable_path/../Frameworks";
				MACOSX_DEPLOYMENT_TARGET = 14.0;
				MARKETING_VERSION = 1.0;
				PRODUCT_BUNDLE_IDENTIFIER = io.madlener.tree;
				PRODUCT_NAME = "$(TARGET_NAME)";
				SDKROOT = auto;
				SUPPORTED_PLATFORMS = "iphoneos iphonesimulator macosx";
				SWIFT_EMIT_LOC_STRINGS = YES;
				SWIFT_VERSION = 5.0;
				TARGETED_DEVICE_FAMILY = "1,2";
			};
			name = Debug;
		};
		56DB3FCC2B08CF4E00329EE0 /* Release */ = {
			isa = XCBuildConfiguration;
			buildSettings = {
				ASSETCATALOG_COMPILER_APPICON_NAME = AppIcon;
				ASSETCATALOG_COMPILER_GLOBAL_ACCENT_COLOR_NAME = AccentColor;
				CODE_SIGN_ENTITLEMENTS = tree/tree.entitlements;
				CODE_SIGN_STYLE = Automatic;
				CURRENT_PROJECT_VERSION = 1;
				DEVELOPMENT_ASSET_PATHS = "\"tree/Preview Content\"";
				DEVELOPMENT_TEAM = VVS795989N;
				ENABLE_HARDENED_RUNTIME = YES;
				ENABLE_PREVIEWS = YES;
				GENERATE_INFOPLIST_FILE = YES;
				INFOPLIST_FILE = tree/Info.plist;
				"INFOPLIST_KEY_UIApplicationSceneManifest_Generation[sdk=iphoneos*]" = YES;
				"INFOPLIST_KEY_UIApplicationSceneManifest_Generation[sdk=iphonesimulator*]" = YES;
				"INFOPLIST_KEY_UIApplicationSupportsIndirectInputEvents[sdk=iphoneos*]" = YES;
				"INFOPLIST_KEY_UIApplicationSupportsIndirectInputEvents[sdk=iphonesimulator*]" = YES;
				"INFOPLIST_KEY_UILaunchScreen_Generation[sdk=iphoneos*]" = YES;
				"INFOPLIST_KEY_UILaunchScreen_Generation[sdk=iphonesimulator*]" = YES;
				"INFOPLIST_KEY_UIStatusBarStyle[sdk=iphoneos*]" = UIStatusBarStyleDefault;
				"INFOPLIST_KEY_UIStatusBarStyle[sdk=iphonesimulator*]" = UIStatusBarStyleDefault;
				INFOPLIST_KEY_UISupportedInterfaceOrientations_iPad = "UIInterfaceOrientationPortrait UIInterfaceOrientationPortraitUpsideDown UIInterfaceOrientationLandscapeLeft UIInterfaceOrientationLandscapeRight";
				INFOPLIST_KEY_UISupportedInterfaceOrientations_iPhone = "UIInterfaceOrientationPortrait UIInterfaceOrientationLandscapeLeft UIInterfaceOrientationLandscapeRight";
				IPHONEOS_DEPLOYMENT_TARGET = 17.0;
				LD_RUNPATH_SEARCH_PATHS = "@executable_path/Frameworks";
				"LD_RUNPATH_SEARCH_PATHS[sdk=macosx*]" = "@executable_path/../Frameworks";
				MACOSX_DEPLOYMENT_TARGET = 14.0;
				MARKETING_VERSION = 1.0;
				PRODUCT_BUNDLE_IDENTIFIER = io.madlener.tree;
				PRODUCT_NAME = "$(TARGET_NAME)";
				SDKROOT = auto;
				SUPPORTED_PLATFORMS = "iphoneos iphonesimulator macosx";
				SWIFT_EMIT_LOC_STRINGS = YES;
				SWIFT_VERSION = 5.0;
				TARGETED_DEVICE_FAMILY = "1,2";
			};
			name = Release;
		};
/* End XCBuildConfiguration section */

/* Begin XCConfigurationList section */
		56DB3FB62B08CF4B00329EE0 /* Build configuration list for PBXProject "tree" */ = {
			isa = XCConfigurationList;
			buildConfigurations = (
				56DB3FC82B08CF4E00329EE0 /* Debug */,
				56DB3FC92B08CF4E00329EE0 /* Release */,
			);
			defaultConfigurationIsVisible = 0;
			defaultConfigurationName = Release;
		};
		56DB3FCA2B08CF4E00329EE0 /* Build configuration list for PBXNativeTarget "tree" */ = {
			isa = XCConfigurationList;
			buildConfigurations = (
				56DB3FCB2B08CF4E00329EE0 /* Debug */,
				56DB3FCC2B08CF4E00329EE0 /* Release */,
			);
			defaultConfigurationIsVisible = 0;
			defaultConfigurationName = Release;
		};
/* End XCConfigurationList section */

/* Begin XCRemoteSwiftPackageReference section */
		56DB3FCD2B08D1BA00329EE0 /* XCRemoteSwiftPackageReference "coaty-swift" */ = {
			isa = XCRemoteSwiftPackageReference;
			repositoryURL = "https://github.com/coatyio/coaty-swift";
			requirement = {
				kind = upToNextMajorVersion;
				minimumVersion = 2.4.0;
			};
		};
/* End XCRemoteSwiftPackageReference section */

/* Begin XCSwiftPackageProductDependency section */
		56DB3FCE2B08D1BA00329EE0 /* CoatySwift */ = {
			isa = XCSwiftPackageProductDependency;
			package = 56DB3FCD2B08D1BA00329EE0 /* XCRemoteSwiftPackageReference "coaty-swift" */;
			productName = CoatySwift;
		};
/* End XCSwiftPackageProductDependency section */
	};
	rootObject = 56DB3FB32B08CF4B00329EE0 /* Project object */;
}
